
Microsoft Visual Studio Solution File, Format Version 12.00
# Visual Studio Version 16
VisualStudioVersion = 16.0.31911.196
MinimumVisualStudioVersion = 10.0.40219.1
Project("{FAE04EC0-301F-11D3-BF4B-00C04F79EFBC}") = "VASEK5-6", "VASEK5-6\VASEK5-6.csproj", "{D94F9112-9787-4BA0-B692-36294651A88C}"
EndProject
Global
	GlobalSection(SolutionConfigurationPlatforms) = preSolution
		Debug|Any CPU = Debug|Any CPU
		Release|Any CPU = Release|Any CPU
	EndGlobalSection
	GlobalSection(ProjectConfigurationPlatforms) = postSolution
		{D94F9112-9787-4BA0-B692-36294651A88C}.Debug|Any CPU.ActiveCfg = Debug|Any CPU
		{D94F9112-9787-4BA0-B692-36294651A88C}.Debug|Any CPU.Build.0 = Debug|Any CPU
		{D94F9112-9787-4BA0-B692-36294651A88C}.Release|Any CPU.ActiveCfg = Release|Any CPU
		{D94F9112-9787-4BA0-B692-36294651A88C}.Release|Any CPU.Build.0 = Release|Any CPU
	EndGlobalSection
	GlobalSection(SolutionProperties) = preSolution
		HideSolutionNode = FALSE
	EndGlobalSection
	GlobalSection(ExtensibilityGlobals) = postSolution
		SolutionGuid = {D72DF06F-EA7E-4E78-ABF1-E6A887F65389}
	EndGlobalSection
EndGlobal
